
Microsoft Visual Studio Solution File, Format Version 12.00
# Visual Studio Version 17
VisualStudioVersion = 17.10.34814.14
MinimumVisualStudioVersion = 10.0.40219.1
Project("{9A19103F-16F7-4668-BE54-9A1E7A4F7556}") = "GerenciadorTurma.FrontEnd", "GerenciadorTurma.FrontEnd\GerenciadorTurma.FrontEnd.csproj", "{2AD6978B-E03B-423C-8416-1BE4AAEAC223}"
EndProject
Global
	GlobalSection(SolutionConfigurationPlatforms) = preSolution
		Debug|Any CPU = Debug|Any CPU
		Release|Any CPU = Release|Any CPU
	EndGlobalSection
	GlobalSection(ProjectConfigurationPlatforms) = postSolution
		{2AD6978B-E03B-423C-8416-1BE4AAEAC223}.Debug|Any CPU.ActiveCfg = Debug|Any CPU
		{2AD6978B-E03B-423C-8416-1BE4AAEAC223}.Debug|Any CPU.Build.0 = Debug|Any CPU
		{2AD6978B-E03B-423C-8416-1BE4AAEAC223}.Release|Any CPU.ActiveCfg = Release|Any CPU
		{2AD6978B-E03B-423C-8416-1BE4AAEAC223}.Release|Any CPU.Build.0 = Release|Any CPU
	EndGlobalSection
	GlobalSection(SolutionProperties) = preSolution
		HideSolutionNode = FALSE
	EndGlobalSection
	GlobalSection(ExtensibilityGlobals) = postSolution
		SolutionGuid = {61B9C06F-83E5-408C-ADF4-B2106BBA5B8E}
	EndGlobalSection
EndGlobal
